
Microsoft Visual Studio Solution File, Format Version 12.00
# Visual Studio 15
VisualStudioVersion = 15.0.28010.2016
MinimumVisualStudioVersion = 10.0.40219.1
Project("{8BC9CEB8-8B4A-11D0-8D11-00A0C91BC942}") = "Laborator 6", "Laborator 6\Laborator 6.vcxproj", "{BF14F122-DE03-46C6-B360-E455B640619E}"
EndProject
Global
	GlobalSection(SolutionConfigurationPlatforms) = preSolution
		Debug|x64 = Debug|x64
		Debug|x86 = Debug|x86
		Release|x64 = Release|x64
		Release|x86 = Release|x86
	EndGlobalSection
	GlobalSection(ProjectConfigurationPlatforms) = postSolution
		{BF14F122-DE03-46C6-B360-E455B640619E}.Debug|x64.ActiveCfg = Debug|x64
		{BF14F122-DE03-46C6-B360-E455B640619E}.Debug|x64.Build.0 = Debug|x64
		{BF14F122-DE03-46C6-B360-E455B640619E}.Debug|x86.ActiveCfg = Debug|Win32
		{BF14F122-DE03-46C6-B360-E455B640619E}.Debug|x86.Build.0 = Debug|Win32
		{BF14F122-DE03-46C6-B360-E455B640619E}.Release|x64.ActiveCfg = Release|x64
		{BF14F122-DE03-46C6-B360-E455B640619E}.Release|x64.Build.0 = Release|x64
		{BF14F122-DE03-46C6-B360-E455B640619E}.Release|x86.ActiveCfg = Release|Win32
		{BF14F122-DE03-46C6-B360-E455B640619E}.Release|x86.Build.0 = Release|Win32
	EndGlobalSection
	GlobalSection(SolutionProperties) = preSolution
		HideSolutionNode = FALSE
	EndGlobalSection
	GlobalSection(ExtensibilityGlobals) = postSolution
		SolutionGuid = {C8D3075E-7726-4024-83E3-95B6FB654FD7}
	EndGlobalSection
EndGlobal
